
Microsoft Visual Studio Solution File, Format Version 12.00
# Visual Studio 15
VisualStudioVersion = 15.0.28307.168
MinimumVisualStudioVersion = 10.0.40219.1
Project("{FAE04EC0-301F-11D3-BF4B-00C04F79EFBC}") = "ExpenseTracker", "ExpenseTracker\ExpenseTracker.csproj", "{4B0CAF0E-5A82-4CA3-A452-327066209BE4}"
EndProject
Global
	GlobalSection(SolutionConfigurationPlatforms) = preSolution
		Debug|Any CPU = Debug|Any CPU
		Release|Any CPU = Release|Any CPU
	EndGlobalSection
	GlobalSection(ProjectConfigurationPlatforms) = postSolution
		{4B0CAF0E-5A82-4CA3-A452-327066209BE4}.Debug|Any CPU.ActiveCfg = Debug|Any CPU
		{4B0CAF0E-5A82-4CA3-A452-327066209BE4}.Debug|Any CPU.Build.0 = Debug|Any CPU
		{4B0CAF0E-5A82-4CA3-A452-327066209BE4}.Release|Any CPU.ActiveCfg = Release|Any CPU
		{4B0CAF0E-5A82-4CA3-A452-327066209BE4}.Release|Any CPU.Build.0 = Release|Any CPU
	EndGlobalSection
	GlobalSection(SolutionProperties) = preSolution
		HideSolutionNode = FALSE
	EndGlobalSection
	GlobalSection(ExtensibilityGlobals) = postSolution
		SolutionGuid = {C2CBF66D-6CDE-452B-8B0C-BF4853E2FBA8}
	EndGlobalSection
EndGlobal
